
Microsoft Visual Studio Solution File, Format Version 12.00
# Visual Studio Version 17
VisualStudioVersion = 17.7.34031.279
MinimumVisualStudioVersion = 10.0.40219.1
Project("{FAE04EC0-301F-11D3-BF4B-00C04F79EFBC}") = "KvizProbaGUI", "KvizProbaGUI\KvizProbaGUI.csproj", "{7FD57DA7-A164-4A27-A19D-781B3AE28DAD}"
EndProject
Global
	GlobalSection(SolutionConfigurationPlatforms) = preSolution
		Debug|Any CPU = Debug|Any CPU
		Release|Any CPU = Release|Any CPU
	EndGlobalSection
	GlobalSection(ProjectConfigurationPlatforms) = postSolution
		{7FD57DA7-A164-4A27-A19D-781B3AE28DAD}.Debug|Any CPU.ActiveCfg = Debug|Any CPU
		{7FD57DA7-A164-4A27-A19D-781B3AE28DAD}.Debug|Any CPU.Build.0 = Debug|Any CPU
		{7FD57DA7-A164-4A27-A19D-781B3AE28DAD}.Release|Any CPU.ActiveCfg = Release|Any CPU
		{7FD57DA7-A164-4A27-A19D-781B3AE28DAD}.Release|Any CPU.Build.0 = Release|Any CPU
	EndGlobalSection
	GlobalSection(SolutionProperties) = preSolution
		HideSolutionNode = FALSE
	EndGlobalSection
	GlobalSection(ExtensibilityGlobals) = postSolution
		SolutionGuid = {D3507279-3BE8-4D3D-8AA3-ECF57B51D48C}
	EndGlobalSection
EndGlobal
